// !$*UTF8*$!
{
	archiveVersion = 1;
	classes = {
	};
	objectVersion = 77;
	objects = {

/* Begin PBXBuildFile section */
		059250EEF9F154084B0F1747 /* FrameStore.swift in Sources */ = {isa = PBXBuildFile; fileRef = A8FDDA2E56C6E0393A15B9E1 /* FrameStore.swift */; };
		07EBD3862BDFA106AFB4F635 /* AdManager.swift in Sources */ = {isa = PBXBuildFile; fileRef = 616A15FDFE60DE750A7E6616 /* AdManager.swift */; };
		107A133F7B8B30B2229E6090 /* Assets.xcassets in Resources */ = {isa = PBXBuildFile; fileRef = 1B62D73737DFE666F2354B2D /* Assets.xcassets */; };
		128B6209B763AAE050C28D8A /* ScreenshotTests.swift in Sources */ = {isa = PBXBuildFile; fileRef = 49CB5F8A2A16109D9AD13366 /* ScreenshotTests.swift */; };
		1BB8AB4FEBE456B092194881 /* monoframe-ota-579.bin in Resources */ = {isa = PBXBuildFile; fileRef = 92EDC66D07DF8E11D2235C83 /* monoframe-ota-579.bin */; };
		1EF280DE5C22CD751A5622FF /* GoogleMobileAds in Frameworks */ = {isa = PBXBuildFile; productRef = CD6A64F1C7C35C975DCF5CC4 /* GoogleMobileAds */; };
		1FC6DE5EBA1C8D686D9058AC /* DeviceModel.swift in Sources */ = {isa = PBXBuildFile; fileRef = 317BCC55BDB69F1C7E822C82 /* DeviceModel.swift */; };
		2E6CAA41FC9C14134225190C /* DeviceClient.swift in Sources */ = {isa = PBXBuildFile; fileRef = D6FBD7AFF405F6C997916267 /* DeviceClient.swift */; };
		41C9A21DA59A092CEF6266EB /* EinkConverter.swift in Sources */ = {isa = PBXBuildFile; fileRef = 21ED6565E828E961E292F678 /* EinkConverter.swift */; };
		5E29F97FB8B58F8C8B2051CC /* ContentView.swift in Sources */ = {isa = PBXBuildFile; fileRef = C046C273624DD2F4DC2DD621 /* ContentView.swift */; };
		670E84CD2204764D61025017 /* SetupWizardView.swift in Sources */ = {isa = PBXBuildFile; fileRef = 820BD066EC78ADABE177F8E4 /* SetupWizardView.swift */; };
		917AA39BBA3F0E14479D6615 /* MonoFrameApp.swift in Sources */ = {isa = PBXBuildFile; fileRef = 4E30FBBDC9C13F7A553AFBF9 /* MonoFrameApp.swift */; };
		9D800C5472B053C166FD4F73 /* FrameService.swift in Sources */ = {isa = PBXBuildFile; fileRef = 376CFC2A0A421A07C2BEC795 /* FrameService.swift */; };
		BBA44598373F0A77C23AA69A /* monoframe-ota-42.bin in Resources */ = {isa = PBXBuildFile; fileRef = E74497B40EE24BCE1601B090 /* monoframe-ota-42.bin */; };
		D41D8AA67E7707BB62413F16 /* FramesView.swift in Sources */ = {isa = PBXBuildFile; fileRef = 09A48C36559B60EF42539337 /* FramesView.swift */; };
		DD5E20D01E05845152B15B59 /* version.txt in Resources */ = {isa = PBXBuildFile; fileRef = 218FD25F0440D66A8F476016 /* version.txt */; };
		FE5A87907E8F224259291C21 /* FirmwareBundle.swift in Sources */ = {isa = PBXBuildFile; fileRef = 409E8D2218E590696BDDDD58 /* FirmwareBundle.swift */; };
/* End PBXBuildFile section */

/* Begin PBXContainerItemProxy section */
		89F47A05FB0FC73E7E852986 /* PBXContainerItemProxy */ = {
			isa = PBXContainerItemProxy;
			containerPortal = 4AC912DF6D151848E14AC1E8 /* Project object */;
			proxyType = 1;
			remoteGlobalIDString = 726AF17A1B9DB6D1A190436B;
			remoteInfo = MonoFrame;
		};
/* End PBXContainerItemProxy section */

/* Begin PBXFileReference section */
		09A48C36559B60EF42539337 /* FramesView.swift */ = {isa = PBXFileReference; lastKnownFileType = sourcecode.swift; path = FramesView.swift; sourceTree = "<group>"; };
		1B62D73737DFE666F2354B2D /* Assets.xcassets */ = {isa = PBXFileReference; lastKnownFileType = folder.assetcatalog; path = Assets.xcassets; sourceTree = "<group>"; };
		218FD25F0440D66A8F476016 /* version.txt */ = {isa = PBXFileReference; lastKnownFileType = text; path = version.txt; sourceTree = "<group>"; };
		21ED6565E828E961E292F678 /* EinkConverter.swift */ = {isa = PBXFileReference; lastKnownFileType = sourcecode.swift; path = EinkConverter.swift; sourceTree = "<group>"; };
		317BCC55BDB69F1C7E822C82 /* DeviceModel.swift */ = {isa = PBXFileReference; lastKnownFileType = sourcecode.swift; path = DeviceModel.swift; sourceTree = "<group>"; };
		376CFC2A0A421A07C2BEC795 /* FrameService.swift */ = {isa = PBXFileReference; lastKnownFileType = sourcecode.swift; path = FrameService.swift; sourceTree = "<group>"; };
		409E8D2218E590696BDDDD58 /* FirmwareBundle.swift */ = {isa = PBXFileReference; lastKnownFileType = sourcecode.swift; path = FirmwareBundle.swift; sourceTree = "<group>"; };
		49CB5F8A2A16109D9AD13366 /* ScreenshotTests.swift */ = {isa = PBXFileReference; lastKnownFileType = sourcecode.swift; path = ScreenshotTests.swift; sourceTree = "<group>"; };
		4E30FBBDC9C13F7A553AFBF9 /* MonoFrameApp.swift */ = {isa = PBXFileReference; lastKnownFileType = sourcecode.swift; path = MonoFrameApp.swift; sourceTree = "<group>"; };
		616A15FDFE60DE750A7E6616 /* AdManager.swift */ = {isa = PBXFileReference; lastKnownFileType = sourcecode.swift; path = AdManager.swift; sourceTree = "<group>"; };
		820BD066EC78ADABE177F8E4 /* SetupWizardView.swift */ = {isa = PBXFileReference; lastKnownFileType = sourcecode.swift; path = SetupWizardView.swift; sourceTree = "<group>"; };
		92EDC66D07DF8E11D2235C83 /* monoframe-ota-579.bin */ = {isa = PBXFileReference; lastKnownFileType = archive.macbinary; path = "monoframe-ota-579.bin"; sourceTree = "<group>"; };
		9BE08FD8CB69165ADEED3D46 /* MonoFrameUITests.xctest */ = {isa = PBXFileReference; explicitFileType = wrapper.cfbundle; includeInIndex = 0; path = MonoFrameUITests.xctest; sourceTree = BUILT_PRODUCTS_DIR; };
		A7F50BC928F0CC8508CD0CBB /* MonoFrame.app */ = {isa = PBXFileReference; explicitFileType = wrapper.application; includeInIndex = 0; path = MonoFrame.app; sourceTree = BUILT_PRODUCTS_DIR; };
		A8FDDA2E56C6E0393A15B9E1 /* FrameStore.swift */ = {isa = PBXFileReference; lastKnownFileType = sourcecode.swift; path = FrameStore.swift; sourceTree = "<group>"; };
		C046C273624DD2F4DC2DD621 /* ContentView.swift */ = {isa = PBXFileReference; lastKnownFileType = sourcecode.swift; path = ContentView.swift; sourceTree = "<group>"; };
		D6FBD7AFF405F6C997916267 /* DeviceClient.swift */ = {isa = PBXFileReference; lastKnownFileType = sourcecode.swift; path = DeviceClient.swift; sourceTree = "<group>"; };
		E74497B40EE24BCE1601B090 /* monoframe-ota-42.bin */ = {isa = PBXFileReference; lastKnownFileType = archive.macbinary; path = "monoframe-ota-42.bin"; sourceTree = "<group>"; };
/* End PBXFileReference section */

/* Begin PBXFrameworksBuildPhase section */
		01300C523F5B64AA1E4B8AE3 /* Frameworks */ = {
			isa = PBXFrameworksBuildPhase;
			buildActionMask = 2147483647;
			files = (
				1EF280DE5C22CD751A5622FF /* GoogleMobileAds in Frameworks */,
			);
			runOnlyForDeploymentPostprocessing = 0;
		};
/* End PBXFrameworksBuildPhase section */

/* Begin PBXGroup section */
		0A6B903D4B4F1E58E43678AC /* MonoFrameUITests */ = {
			isa = PBXGroup;
			children = (
				49CB5F8A2A16109D9AD13366 /* ScreenshotTests.swift */,
			);
			name = MonoFrameUITests;
			path = Tests/MonoFrameUITests;
			sourceTree = "<group>";
		};
		71C6969C519F1D6A06361D2B /* Resources */ = {
			isa = PBXGroup;
			children = (
				1B62D73737DFE666F2354B2D /* Assets.xcassets */,
				B81602F7D177736C1B31E3E1 /* Firmware */,
			);
			path = Resources;
			sourceTree = "<group>";
		};
		72C089DF31104D7971551BE4 /* MonoFrame */ = {
			isa = PBXGroup;
			children = (
				616A15FDFE60DE750A7E6616 /* AdManager.swift */,
				C046C273624DD2F4DC2DD621 /* ContentView.swift */,
				D6FBD7AFF405F6C997916267 /* DeviceClient.swift */,
				317BCC55BDB69F1C7E822C82 /* DeviceModel.swift */,
				21ED6565E828E961E292F678 /* EinkConverter.swift */,
				409E8D2218E590696BDDDD58 /* FirmwareBundle.swift */,
				376CFC2A0A421A07C2BEC795 /* FrameService.swift */,
				A8FDDA2E56C6E0393A15B9E1 /* FrameStore.swift */,
				09A48C36559B60EF42539337 /* FramesView.swift */,
				4E30FBBDC9C13F7A553AFBF9 /* MonoFrameApp.swift */,
				820BD066EC78ADABE177F8E4 /* SetupWizardView.swift */,
				71C6969C519F1D6A06361D2B /* Resources */,
			);
			name = MonoFrame;
			path = Sources/MonoFrame;
			sourceTree = "<group>";
		};
		B81602F7D177736C1B31E3E1 /* Firmware */ = {
			isa = PBXGroup;
			children = (
				E74497B40EE24BCE1601B090 /* monoframe-ota-42.bin */,
				92EDC66D07DF8E11D2235C83 /* monoframe-ota-579.bin */,
				218FD25F0440D66A8F476016 /* version.txt */,
			);
			path = Firmware;
			sourceTree = "<group>";
		};
		D97FD166C1085CE90566C5E3 /* Products */ = {
			isa = PBXGroup;
			children = (
				A7F50BC928F0CC8508CD0CBB /* MonoFrame.app */,
				9BE08FD8CB69165ADEED3D46 /* MonoFrameUITests.xctest */,
			);
			name = Products;
			sourceTree = "<group>";
		};
		DEBC6748051643D477C3619F = {
			isa = PBXGroup;
			children = (
				72C089DF31104D7971551BE4 /* MonoFrame */,
				0A6B903D4B4F1E58E43678AC /* MonoFrameUITests */,
				D97FD166C1085CE90566C5E3 /* Products */,
			);
			sourceTree = "<group>";
		};
/* End PBXGroup section */

/* Begin PBXNativeTarget section */
		09DB959ACEDBDCD28CB72EE6 /* MonoFrameUITests */ = {
			isa = PBXNativeTarget;
			buildConfigurationList = EAA6E3B09347A18BC6833189 /* Build configuration list for PBXNativeTarget "MonoFrameUITests" */;
			buildPhases = (
				0561EFB139D27BE92FFDFE90 /* Sources */,
			);
			buildRules = (
			);
			dependencies = (
				ECD6E295BF220704F1AF297C /* PBXTargetDependency */,
			);
			name = MonoFrameUITests;
			packageProductDependencies = (
			);
			productName = MonoFrameUITests;
			productReference = 9BE08FD8CB69165ADEED3D46 /* MonoFrameUITests.xctest */;
			productType = "com.apple.product-type.bundle.ui-testing";
		};
		726AF17A1B9DB6D1A190436B /* MonoFrame */ = {
			isa = PBXNativeTarget;
			buildConfigurationList = 4ACC5E9397DACCCF4F9321DE /* Build configuration list for PBXNativeTarget "MonoFrame" */;
			buildPhases = (
				0FD61F293AF0BAE8F86D6C59 /* Sources */,
				6F0A72310B63CC9CD3D32E31 /* Resources */,
				01300C523F5B64AA1E4B8AE3 /* Frameworks */,
			);
			buildRules = (
			);
			dependencies = (
			);
			name = MonoFrame;
			packageProductDependencies = (
				CD6A64F1C7C35C975DCF5CC4 /* GoogleMobileAds */,
			);
			productName = MonoFrame;
			productReference = A7F50BC928F0CC8508CD0CBB /* MonoFrame.app */;
			productType = "com.apple.product-type.application";
		};
/* End PBXNativeTarget section */

/* Begin PBXProject section */
		4AC912DF6D151848E14AC1E8 /* Project object */ = {
			isa = PBXProject;
			attributes = {
				BuildIndependentTargetsInParallel = YES;
				LastUpgradeCheck = 2640;
				TargetAttributes = {
					09DB959ACEDBDCD28CB72EE6 = {
						DevelopmentTeam = G3P9A8Z2NP;
						ProvisioningStyle = Automatic;
						TestTargetID = 726AF17A1B9DB6D1A190436B;
					};
					726AF17A1B9DB6D1A190436B = {
						DevelopmentTeam = G3P9A8Z2NP;
						ProvisioningStyle = Automatic;
					};
				};
			};
			buildConfigurationList = A2184DC349470B2E94069D6F /* Build configuration list for PBXProject "MonoFrame" */;
			developmentRegion = en;
			hasScannedForEncodings = 0;
			knownRegions = (
				Base,
				en,
			);
			mainGroup = DEBC6748051643D477C3619F;
			minimizedProjectReferenceProxies = 1;
			packageReferences = (
				954468028BA05EF59E1EA34A /* XCRemoteSwiftPackageReference "swift-package-manager-google-mobile-ads" */,
			);
			preferredProjectObjectVersion = 77;
			productRefGroup = D97FD166C1085CE90566C5E3 /* Products */;
			projectDirPath = "";
			projectRoot = "";
			targets = (
				726AF17A1B9DB6D1A190436B /* MonoFrame */,
				09DB959ACEDBDCD28CB72EE6 /* MonoFrameUITests */,
			);
		};
/* End PBXProject section */

/* Begin PBXResourcesBuildPhase section */
		6F0A72310B63CC9CD3D32E31 /* Resources */ = {
			isa = PBXResourcesBuildPhase;
			buildActionMask = 2147483647;
			files = (
				107A133F7B8B30B2229E6090 /* Assets.xcassets in Resources */,
				BBA44598373F0A77C23AA69A /* monoframe-ota-42.bin in Resources */,
				1BB8AB4FEBE456B092194881 /* monoframe-ota-579.bin in Resources */,
				DD5E20D01E05845152B15B59 /* version.txt in Resources */,
			);
			runOnlyForDeploymentPostprocessing = 0;
		};
/* End PBXResourcesBuildPhase section */

/* Begin PBXSourcesBuildPhase section */
		0561EFB139D27BE92FFDFE90 /* Sources */ = {
			isa = PBXSourcesBuildPhase;
			buildActionMask = 2147483647;
			files = (
				128B6209B763AAE050C28D8A /* ScreenshotTests.swift in Sources */,
			);
			runOnlyForDeploymentPostprocessing = 0;
		};
		0FD61F293AF0BAE8F86D6C59 /* Sources */ = {
			isa = PBXSourcesBuildPhase;
			buildActionMask = 2147483647;
			files = (
				07EBD3862BDFA106AFB4F635 /* AdManager.swift in Sources */,
				5E29F97FB8B58F8C8B2051CC /* ContentView.swift in Sources */,
				2E6CAA41FC9C14134225190C /* DeviceClient.swift in Sources */,
				1FC6DE5EBA1C8D686D9058AC /* DeviceModel.swift in Sources */,
				41C9A21DA59A092CEF6266EB /* EinkConverter.swift in Sources */,
				FE5A87907E8F224259291C21 /* FirmwareBundle.swift in Sources */,
				9D800C5472B053C166FD4F73 /* FrameService.swift in Sources */,
				059250EEF9F154084B0F1747 /* FrameStore.swift in Sources */,
				D41D8AA67E7707BB62413F16 /* FramesView.swift in Sources */,
				917AA39BBA3F0E14479D6615 /* MonoFrameApp.swift in Sources */,
				670E84CD2204764D61025017 /* SetupWizardView.swift in Sources */,
			);
			runOnlyForDeploymentPostprocessing = 0;
		};
/* End PBXSourcesBuildPhase section */

/* Begin PBXTargetDependency section */
		ECD6E295BF220704F1AF297C /* PBXTargetDependency */ = {
			isa = PBXTargetDependency;
			target = 726AF17A1B9DB6D1A190436B /* MonoFrame */;
			targetProxy = 89F47A05FB0FC73E7E852986 /* PBXContainerItemProxy */;
		};
/* End PBXTargetDependency section */

/* Begin XCBuildConfiguration section */
		14226237CA24829E40779D9C /* Release */ = {
			isa = XCBuildConfiguration;
			buildSettings = {
				BUNDLE_LOADER = "$(TEST_HOST)";
				LD_RUNPATH_SEARCH_PATHS = (
					"$(inherited)",
					"@executable_path/Frameworks",
					"@loader_path/Frameworks",
				);
				PRODUCT_BUNDLE_IDENTIFIER = com.jamesbaker.MonoFrameUITests;
				SDKROOT = iphoneos;
				TARGETED_DEVICE_FAMILY = "1,2";
				TEST_TARGET_NAME = MonoFrame;
			};
			name = Release;
		};
		8C9DE3BA6BFADB28B4E77D99 /* Debug */ = {
			isa = XCBuildConfiguration;
			buildSettings = {
				BUNDLE_LOADER = "$(TEST_HOST)";
				LD_RUNPATH_SEARCH_PATHS = (
					"$(inherited)",
					"@executable_path/Frameworks",
					"@loader_path/Frameworks",
				);
				PRODUCT_BUNDLE_IDENTIFIER = com.jamesbaker.MonoFrameUITests;
				SDKROOT = iphoneos;
				TARGETED_DEVICE_FAMILY = "1,2";
				TEST_TARGET_NAME = MonoFrame;
			};
			name = Debug;
		};
		B74F87D02D1D9062F92C5295 /* Release */ = {
			isa = XCBuildConfiguration;
			buildSettings = {
				ALWAYS_SEARCH_USER_PATHS = NO;
				CLANG_ANALYZER_NONNULL = YES;
				CLANG_ANALYZER_NUMBER_OBJECT_CONVERSION = YES_AGGRESSIVE;
				CLANG_CXX_LANGUAGE_STANDARD = "gnu++14";
				CLANG_CXX_LIBRARY = "libc++";
				CLANG_ENABLE_MODULES = YES;
				CLANG_ENABLE_OBJC_ARC = YES;
				CLANG_ENABLE_OBJC_WEAK = YES;
				CLANG_WARN_BLOCK_CAPTURE_AUTORELEASING = YES;
				CLANG_WARN_BOOL_CONVERSION = YES;
				CLANG_WARN_COMMA = YES;
				CLANG_WARN_CONSTANT_CONVERSION = YES;
				CLANG_WARN_DEPRECATED_OBJC_IMPLEMENTATIONS = YES;
				CLANG_WARN_DIRECT_OBJC_ISA_USAGE = YES_ERROR;
				CLANG_WARN_DOCUMENTATION_COMMENTS = YES;
				CLANG_WARN_EMPTY_BODY = YES;
				CLANG_WARN_ENUM_CONVERSION = YES;
				CLANG_WARN_INFINITE_RECURSION = YES;
				CLANG_WARN_INT_CONVERSION = YES;
				CLANG_WARN_NON_LITERAL_NULL_CONVERSION = YES;
				CLANG_WARN_OBJC_IMPLICIT_RETAIN_SELF = YES;
				CLANG_WARN_OBJC_LITERAL_CONVERSION = YES;
				CLANG_WARN_OBJC_ROOT_CLASS = YES_ERROR;
				CLANG_WARN_QUOTED_INCLUDE_IN_FRAMEWORK_HEADER = YES;
				CLANG_WARN_RANGE_LOOP_ANALYSIS = YES;
				CLANG_WARN_STRICT_PROTOTYPES = YES;
				CLANG_WARN_SUSPICIOUS_MOVE = YES;
				CLANG_WARN_UNGUARDED_AVAILABILITY = YES_AGGRESSIVE;
				CLANG_WARN_UNREACHABLE_CODE = YES;
				CLANG_WARN__DUPLICATE_METHOD_MATCH = YES;
				CODE_SIGN_STYLE = Automatic;
				COPY_PHASE_STRIP = NO;
				CURRENT_PROJECT_VERSION = 1;
				DEBUG_INFORMATION_FORMAT = "dwarf-with-dsym";
				DEVELOPMENT_TEAM = G3P9A8Z2NP;
				ENABLE_NS_ASSERTIONS = NO;
				ENABLE_STRICT_OBJC_MSGSEND = YES;
				ENABLE_USER_SCRIPT_SANDBOXING = YES;
				GCC_C_LANGUAGE_STANDARD = gnu11;
				GCC_NO_COMMON_BLOCKS = YES;
				GCC_WARN_64_TO_32_BIT_CONVERSION = YES;
				GCC_WARN_ABOUT_RETURN_TYPE = YES_ERROR;
				GCC_WARN_UNDECLARED_SELECTOR = YES;
				GCC_WARN_UNINITIALIZED_AUTOS = YES_AGGRESSIVE;
				GCC_WARN_UNUSED_FUNCTION = YES;
				GCC_WARN_UNUSED_VARIABLE = YES;
				IPHONEOS_DEPLOYMENT_TARGET = 17.0;
				MARKETING_VERSION = 1.0;
				MTL_ENABLE_DEBUG_INFO = NO;
				MTL_FAST_MATH = YES;
				PRODUCT_NAME = "$(TARGET_NAME)";
				SDKROOT = iphoneos;
				STRING_CATALOG_GENERATE_SYMBOLS = YES;
				SWIFT_COMPILATION_MODE = wholemodule;
				SWIFT_OPTIMIZATION_LEVEL = "-O";
				SWIFT_VERSION = 5.9;
			};
			name = Release;
		};
		BD16F9C956809DD509FD0F31 /* Debug */ = {
			isa = XCBuildConfiguration;
			buildSettings = {
				ALWAYS_SEARCH_USER_PATHS = NO;
				CLANG_ANALYZER_NONNULL = YES;
				CLANG_ANALYZER_NUMBER_OBJECT_CONVERSION = YES_AGGRESSIVE;
				CLANG_CXX_LANGUAGE_STANDARD = "gnu++14";
				CLANG_CXX_LIBRARY = "libc++";
				CLANG_ENABLE_MODULES = YES;
				CLANG_ENABLE_OBJC_ARC = YES;
				CLANG_ENABLE_OBJC_WEAK = YES;
				CLANG_WARN_BLOCK_CAPTURE_AUTORELEASING = YES;
				CLANG_WARN_BOOL_CONVERSION = YES;
				CLANG_WARN_COMMA = YES;
				CLANG_WARN_CONSTANT_CONVERSION = YES;
				CLANG_WARN_DEPRECATED_OBJC_IMPLEMENTATIONS = YES;
				CLANG_WARN_DIRECT_OBJC_ISA_USAGE = YES_ERROR;
				CLANG_WARN_DOCUMENTATION_COMMENTS = YES;
				CLANG_WARN_EMPTY_BODY = YES;
				CLANG_WARN_ENUM_CONVERSION = YES;
				CLANG_WARN_INFINITE_RECURSION = YES;
				CLANG_WARN_INT_CONVERSION = YES;
				CLANG_WARN_NON_LITERAL_NULL_CONVERSION = YES;
				CLANG_WARN_OBJC_IMPLICIT_RETAIN_SELF = YES;
				CLANG_WARN_OBJC_LITERAL_CONVERSION = YES;
				CLANG_WARN_OBJC_ROOT_CLASS = YES_ERROR;
				CLANG_WARN_QUOTED_INCLUDE_IN_FRAMEWORK_HEADER = YES;
				CLANG_WARN_RANGE_LOOP_ANALYSIS = YES;
				CLANG_WARN_STRICT_PROTOTYPES = YES;
				CLANG_WARN_SUSPICIOUS_MOVE = YES;
				CLANG_WARN_UNGUARDED_AVAILABILITY = YES_AGGRESSIVE;
				CLANG_WARN_UNREACHABLE_CODE = YES;
				CLANG_WARN__DUPLICATE_METHOD_MATCH = YES;
				CODE_SIGN_STYLE = Automatic;
				COPY_PHASE_STRIP = NO;
				CURRENT_PROJECT_VERSION = 1;
				DEBUG_INFORMATION_FORMAT = dwarf;
				DEVELOPMENT_TEAM = G3P9A8Z2NP;
				ENABLE_STRICT_OBJC_MSGSEND = YES;
				ENABLE_TESTABILITY = YES;
				ENABLE_USER_SCRIPT_SANDBOXING = YES;
				GCC_C_LANGUAGE_STANDARD = gnu11;
				GCC_DYNAMIC_NO_PIC = NO;
				GCC_NO_COMMON_BLOCKS = YES;
				GCC_OPTIMIZATION_LEVEL = 0;
				GCC_PREPROCESSOR_DEFINITIONS = (
					"$(inherited)",
					"DEBUG=1",
				);
				GCC_WARN_64_TO_32_BIT_CONVERSION = YES;
				GCC_WARN_ABOUT_RETURN_TYPE = YES_ERROR;
				GCC_WARN_UNDECLARED_SELECTOR = YES;
				GCC_WARN_UNINITIALIZED_AUTOS = YES_AGGRESSIVE;
				GCC_WARN_UNUSED_FUNCTION = YES;
				GCC_WARN_UNUSED_VARIABLE = YES;
				IPHONEOS_DEPLOYMENT_TARGET = 17.0;
				MARKETING_VERSION = 1.0;
				MTL_ENABLE_DEBUG_INFO = INCLUDE_SOURCE;
				MTL_FAST_MATH = YES;
				ONLY_ACTIVE_ARCH = YES;
				PRODUCT_NAME = "$(TARGET_NAME)";
				SDKROOT = iphoneos;
				STRING_CATALOG_GENERATE_SYMBOLS = YES;
				SWIFT_ACTIVE_COMPILATION_CONDITIONS = DEBUG;
				SWIFT_OPTIMIZATION_LEVEL = "-Onone";
				SWIFT_VERSION = 5.9;
			};
			name = Debug;
		};
		D243E1EFFA71E574D03080E1 /* Release */ = {
			isa = XCBuildConfiguration;
			buildSettings = {
				ASSETCATALOG_COMPILER_APPICON_NAME = AppIcon;
				CODE_SIGN_ENTITLEMENTS = Sources/MonoFrame/Resources/MonoFrame.entitlements;
				CODE_SIGN_IDENTITY = "iPhone Developer";
				INFOPLIST_FILE = Sources/MonoFrame/Resources/Info.plist;
				LD_RUNPATH_SEARCH_PATHS = (
					"$(inherited)",
					"@executable_path/Frameworks",
				);
				PRODUCT_BUNDLE_IDENTIFIER = com.jamesbaker.MonoFrame;
				SDKROOT = iphoneos;
				TARGETED_DEVICE_FAMILY = "1,2";
			};
			name = Release;
		};
		F1C19539C0BC8105529B5967 /* Debug */ = {
			isa = XCBuildConfiguration;
			buildSettings = {
				ASSETCATALOG_COMPILER_APPICON_NAME = AppIcon;
				CODE_SIGN_ENTITLEMENTS = Sources/MonoFrame/Resources/MonoFrame.entitlements;
				CODE_SIGN_IDENTITY = "iPhone Developer";
				INFOPLIST_FILE = Sources/MonoFrame/Resources/Info.plist;
				LD_RUNPATH_SEARCH_PATHS = (
					"$(inherited)",
					"@executable_path/Frameworks",
				);
				PRODUCT_BUNDLE_IDENTIFIER = com.jamesbaker.MonoFrame;
				SDKROOT = iphoneos;
				TARGETED_DEVICE_FAMILY = "1,2";
			};
			name = Debug;
		};
/* End XCBuildConfiguration section */

/* Begin XCConfigurationList section */
		4ACC5E9397DACCCF4F9321DE /* Build configuration list for PBXNativeTarget "MonoFrame" */ = {
			isa = XCConfigurationList;
			buildConfigurations = (
				F1C19539C0BC8105529B5967 /* Debug */,
				D243E1EFFA71E574D03080E1 /* Release */,
			);
			defaultConfigurationIsVisible = 0;
			defaultConfigurationName = Debug;
		};
		A2184DC349470B2E94069D6F /* Build configuration list for PBXProject "MonoFrame" */ = {
			isa = XCConfigurationList;
			buildConfigurations = (
				BD16F9C956809DD509FD0F31 /* Debug */,
				B74F87D02D1D9062F92C5295 /* Release */,
			);
			defaultConfigurationIsVisible = 0;
			defaultConfigurationName = Debug;
		};
		EAA6E3B09347A18BC6833189 /* Build configuration list for PBXNativeTarget "MonoFrameUITests" */ = {
			isa = XCConfigurationList;
			buildConfigurations = (
				8C9DE3BA6BFADB28B4E77D99 /* Debug */,
				14226237CA24829E40779D9C /* Release */,
			);
			defaultConfigurationIsVisible = 0;
			defaultConfigurationName = Debug;
		};
/* End XCConfigurationList section */

/* Begin XCRemoteSwiftPackageReference section */
		954468028BA05EF59E1EA34A /* XCRemoteSwiftPackageReference "swift-package-manager-google-mobile-ads" */ = {
			isa = XCRemoteSwiftPackageReference;
			repositoryURL = "https://github.com/googleads/swift-package-manager-google-mobile-ads";
			requirement = {
				kind = upToNextMajorVersion;
				minimumVersion = 11.0.0;
			};
		};
/* End XCRemoteSwiftPackageReference section */

/* Begin XCSwiftPackageProductDependency section */
		CD6A64F1C7C35C975DCF5CC4 /* GoogleMobileAds */ = {
			isa = XCSwiftPackageProductDependency;
			package = 954468028BA05EF59E1EA34A /* XCRemoteSwiftPackageReference "swift-package-manager-google-mobile-ads" */;
			productName = GoogleMobileAds;
		};
/* End XCSwiftPackageProductDependency section */
	};
	rootObject = 4AC912DF6D151848E14AC1E8 /* Project object */;
}
